
Microsoft Visual Studio Solution File, Format Version 12.00
# Visual Studio Version 17
VisualStudioVersion = 17.2.32630.192
MinimumVisualStudioVersion = 10.0.40219.1
Project("{9A19103F-16F7-4668-BE54-9A1E7A4F7556}") = "UnitOfWorkADONET", "UnitOfWorkADONET.csproj", "{F141479A-F6D8-4BCB-94DF-50CC2730F016}"
EndProject
Project("{9A19103F-16F7-4668-BE54-9A1E7A4F7556}") = "GerenciarProduto", "..\..\GerenciarProduto\GerenciarProduto.csproj", "{16AE6ECD-EC3B-4D97-8E12-FF7D3A8834D3}"
EndProject
Global
	GlobalSection(SolutionConfigurationPlatforms) = preSolution
		Debug|Any CPU = Debug|Any CPU
		Release|Any CPU = Release|Any CPU
	EndGlobalSection
	GlobalSection(ProjectConfigurationPlatforms) = postSolution
		{F141479A-F6D8-4BCB-94DF-50CC2730F016}.Debug|Any CPU.ActiveCfg = Debug|Any CPU
		{F141479A-F6D8-4BCB-94DF-50CC2730F016}.Debug|Any CPU.Build.0 = Debug|Any CPU
		{F141479A-F6D8-4BCB-94DF-50CC2730F016}.Release|Any CPU.ActiveCfg = Release|Any CPU
		{F141479A-F6D8-4BCB-94DF-50CC2730F016}.Release|Any CPU.Build.0 = Release|Any CPU
		{16AE6ECD-EC3B-4D97-8E12-FF7D3A8834D3}.Debug|Any CPU.ActiveCfg = Debug|Any CPU
		{16AE6ECD-EC3B-4D97-8E12-FF7D3A8834D3}.Debug|Any CPU.Build.0 = Debug|Any CPU
		{16AE6ECD-EC3B-4D97-8E12-FF7D3A8834D3}.Release|Any CPU.ActiveCfg = Release|Any CPU
		{16AE6ECD-EC3B-4D97-8E12-FF7D3A8834D3}.Release|Any CPU.Build.0 = Release|Any CPU
	EndGlobalSection
	GlobalSection(SolutionProperties) = preSolution
		HideSolutionNode = FALSE
	EndGlobalSection
	GlobalSection(ExtensibilityGlobals) = postSolution
		SolutionGuid = {D9108199-C346-4E55-8845-CE0BE7658389}
	EndGlobalSection
EndGlobal
